
Microsoft Visual Studio Solution File, Format Version 12.00
# Visual Studio Version 16
VisualStudioVersion = 16.0.30717.126
MinimumVisualStudioVersion = 10.0.40219.1
Project("{9A19103F-16F7-4668-BE54-9A1E7A4F7556}") = "Identity.Service", "Identity.Service\Identity.Service.csproj", "{6B47A503-8B08-4F0B-92DD-2C78EB7FD7AB}"
EndProject
Project("{9A19103F-16F7-4668-BE54-9A1E7A4F7556}") = "Customers.Service", "Customers.Service\Customers.Service.csproj", "{9EFE4B47-CC49-487D-BE49-E8F273D36E2C}"
EndProject
Project("{9A19103F-16F7-4668-BE54-9A1E7A4F7556}") = "Rooms.Service", "Rooms.Service\Rooms.Service.csproj", "{282D4AE4-48B2-40C3-8542-BC6B3169F843}"
EndProject
Project("{9A19103F-16F7-4668-BE54-9A1E7A4F7556}") = "Reservations.Service", "Reservations.Service\Reservations.Service.csproj", "{2D060290-E122-4498-B3CE-3C3CF306F3C8}"
EndProject
Project("{9A19103F-16F7-4668-BE54-9A1E7A4F7556}") = "HotelApp", "HotelApp\HotelApp.csproj", "{BA910765-6227-4E9B-A130-88BEF1651743}"
EndProject
Global
	GlobalSection(SolutionConfigurationPlatforms) = preSolution
		Debug|Any CPU = Debug|Any CPU
		Release|Any CPU = Release|Any CPU
	EndGlobalSection
	GlobalSection(ProjectConfigurationPlatforms) = postSolution
		{6B47A503-8B08-4F0B-92DD-2C78EB7FD7AB}.Debug|Any CPU.ActiveCfg = Debug|Any CPU
		{6B47A503-8B08-4F0B-92DD-2C78EB7FD7AB}.Debug|Any CPU.Build.0 = Debug|Any CPU
		{6B47A503-8B08-4F0B-92DD-2C78EB7FD7AB}.Release|Any CPU.ActiveCfg = Release|Any CPU
		{6B47A503-8B08-4F0B-92DD-2C78EB7FD7AB}.Release|Any CPU.Build.0 = Release|Any CPU
		{9EFE4B47-CC49-487D-BE49-E8F273D36E2C}.Debug|Any CPU.ActiveCfg = Debug|Any CPU
		{9EFE4B47-CC49-487D-BE49-E8F273D36E2C}.Debug|Any CPU.Build.0 = Debug|Any CPU
		{9EFE4B47-CC49-487D-BE49-E8F273D36E2C}.Release|Any CPU.ActiveCfg = Release|Any CPU
		{9EFE4B47-CC49-487D-BE49-E8F273D36E2C}.Release|Any CPU.Build.0 = Release|Any CPU
		{282D4AE4-48B2-40C3-8542-BC6B3169F843}.Debug|Any CPU.ActiveCfg = Debug|Any CPU
		{282D4AE4-48B2-40C3-8542-BC6B3169F843}.Debug|Any CPU.Build.0 = Debug|Any CPU
		{282D4AE4-48B2-40C3-8542-BC6B3169F843}.Release|Any CPU.ActiveCfg = Release|Any CPU
		{282D4AE4-48B2-40C3-8542-BC6B3169F843}.Release|Any CPU.Build.0 = Release|Any CPU
		{2D060290-E122-4498-B3CE-3C3CF306F3C8}.Debug|Any CPU.ActiveCfg = Debug|Any CPU
		{2D060290-E122-4498-B3CE-3C3CF306F3C8}.Debug|Any CPU.Build.0 = Debug|Any CPU
		{2D060290-E122-4498-B3CE-3C3CF306F3C8}.Release|Any CPU.ActiveCfg = Release|Any CPU
		{2D060290-E122-4498-B3CE-3C3CF306F3C8}.Release|Any CPU.Build.0 = Release|Any CPU
		{BA910765-6227-4E9B-A130-88BEF1651743}.Debug|Any CPU.ActiveCfg = Debug|Any CPU
		{BA910765-6227-4E9B-A130-88BEF1651743}.Debug|Any CPU.Build.0 = Debug|Any CPU
		{BA910765-6227-4E9B-A130-88BEF1651743}.Release|Any CPU.ActiveCfg = Release|Any CPU
		{BA910765-6227-4E9B-A130-88BEF1651743}.Release|Any CPU.Build.0 = Release|Any CPU
	EndGlobalSection
	GlobalSection(SolutionProperties) = preSolution
		HideSolutionNode = FALSE
	EndGlobalSection
	GlobalSection(ExtensibilityGlobals) = postSolution
		SolutionGuid = {DB6DB948-4959-4B43-BA10-61DA848B0FB8}
	EndGlobalSection
EndGlobal
